
Microsoft Visual Studio Solution File, Format Version 12.00
# Visual Studio Version 17
VisualStudioVersion = 17.10.35027.167
MinimumVisualStudioVersion = 10.0.40219.1
Project("{FAE04EC0-301F-11D3-BF4B-00C04F79EFBC}") = "EFCore", "EFCore\EFCore.csproj", "{363D9F5F-496C-44EB-B670-0BEEFF4E254F}"
EndProject
Global
	GlobalSection(SolutionConfigurationPlatforms) = preSolution
		Debug|Any CPU = Debug|Any CPU
		Release|Any CPU = Release|Any CPU
	EndGlobalSection
	GlobalSection(ProjectConfigurationPlatforms) = postSolution
		{363D9F5F-496C-44EB-B670-0BEEFF4E254F}.Debug|Any CPU.ActiveCfg = Debug|Any CPU
		{363D9F5F-496C-44EB-B670-0BEEFF4E254F}.Debug|Any CPU.Build.0 = Debug|Any CPU
		{363D9F5F-496C-44EB-B670-0BEEFF4E254F}.Release|Any CPU.ActiveCfg = Release|Any CPU
		{363D9F5F-496C-44EB-B670-0BEEFF4E254F}.Release|Any CPU.Build.0 = Release|Any CPU
	EndGlobalSection
	GlobalSection(SolutionProperties) = preSolution
		HideSolutionNode = FALSE
	EndGlobalSection
	GlobalSection(ExtensibilityGlobals) = postSolution
		SolutionGuid = {F60D4EF1-3BC4-4FB0-B2D5-E93987BAFA4A}
	EndGlobalSection
EndGlobal
